
Microsoft Visual Studio Solution File, Format Version 12.00
# Visual Studio Version 17
VisualStudioVersion = 17.5.002.0
MinimumVisualStudioVersion = 10.0.40219.1
Project("{2150E333-8FDC-42A3-9474-1A3956D46DE8}") = "src", "src", "{A40A5EDE-CC33-46E2-B758-5868B2541066}"
EndProject
Project("{9A19103F-16F7-4668-BE54-9A1E7A4F7556}") = "Pixpil.GamePrototype", "src\Pixpil.GamePrototype\Pixpil.GamePrototype.csproj", "{31B54264-313E-4B41-A8CD-290430C92851}"
EndProject
Project("{9A19103F-16F7-4668-BE54-9A1E7A4F7556}") = "Pixpil.GamePrototype.Editor", "src\Pixpil.GamePrototype.Editor\Pixpil.GamePrototype.Editor.csproj", "{6524A2D2-F1A7-4577-B49A-D5D0FCA03B1D}"
EndProject
Project("{2150E333-8FDC-42A3-9474-1A3956D46DE8}") = "murder", "murder", "{867234D0-3573-4AAF-98E6-77C8D82C965D}"
EndProject
Project("{FAE04EC0-301F-11D3-BF4B-00C04F79EFBC}") = "Bang", "..\murder\bang\src\Bang\Bang.csproj", "{CA7F66F7-4926-4648-B9E3-C84392721FDC}"
EndProject
Project("{FAE04EC0-301F-11D3-BF4B-00C04F79EFBC}") = "Bang.Analyzers", "..\murder\bang\src\Bang.Analyzers\Bang.Analyzers.csproj", "{4E7BEC1B-9315-42E3-92C8-E9FC8E57F96C}"
EndProject
Project("{FAE04EC0-301F-11D3-BF4B-00C04F79EFBC}") = "Bang.Generator", "..\murder\bang\src\Bang.Generator\Bang.Generator.csproj", "{7CD649D2-958A-487B-8A80-5363634AF79B}"
EndProject
Project("{FAE04EC0-301F-11D3-BF4B-00C04F79EFBC}") = "Murder", "..\murder\src\Murder\Murder.csproj", "{7E15D908-2ADD-43CD-8429-952244F0A3AA}"
EndProject
Project("{FAE04EC0-301F-11D3-BF4B-00C04F79EFBC}") = "Gum", "..\murder\gum\src\Gum\Gum.csproj", "{3BAAC052-AF2C-46D9-90FB-713D535387A4}"
EndProject
Project("{FAE04EC0-301F-11D3-BF4B-00C04F79EFBC}") = "Murder.Editor", "..\murder\src\Murder.Editor\Murder.Editor.csproj", "{C0838ABB-2961-4C15-B798-61C44A36890B}"
EndProject
Project("{FAE04EC0-301F-11D3-BF4B-00C04F79EFBC}") = "Murder.Serializer", "..\murder\src\Murder.Serializer\Murder.Serializer.csproj", "{B28CA591-A3CD-45E0-B9E3-17FCE5DFC443}"
EndProject
Project("{2150E333-8FDC-42A3-9474-1A3956D46DE8}") = "DigitalRune", "DigitalRune", "{93F4D78C-ECB4-482F-ADB4-511B06A38ABF}"
EndProject
Project("{FAE04EC0-301F-11D3-BF4B-00C04F79EFBC}") = "DigitalRune", "..\DigitalRune\DigitalRune.csproj", "{69EEDE17-879F-4B70-AA68-C44B4DC884ED}"
EndProject
Global
	GlobalSection(SolutionConfigurationPlatforms) = preSolution
		Debug|Any CPU = Debug|Any CPU
		Release|Any CPU = Release|Any CPU
	EndGlobalSection
	GlobalSection(ProjectConfigurationPlatforms) = postSolution
		{31B54264-313E-4B41-A8CD-290430C92851}.Debug|Any CPU.ActiveCfg = Debug|Any CPU
		{31B54264-313E-4B41-A8CD-290430C92851}.Debug|Any CPU.Build.0 = Debug|Any CPU
		{31B54264-313E-4B41-A8CD-290430C92851}.Release|Any CPU.ActiveCfg = Release|Any CPU
		{31B54264-313E-4B41-A8CD-290430C92851}.Release|Any CPU.Build.0 = Release|Any CPU
		{6524A2D2-F1A7-4577-B49A-D5D0FCA03B1D}.Debug|Any CPU.ActiveCfg = Debug|Any CPU
		{6524A2D2-F1A7-4577-B49A-D5D0FCA03B1D}.Debug|Any CPU.Build.0 = Debug|Any CPU
		{6524A2D2-F1A7-4577-B49A-D5D0FCA03B1D}.Release|Any CPU.ActiveCfg = Release|Any CPU
		{6524A2D2-F1A7-4577-B49A-D5D0FCA03B1D}.Release|Any CPU.Build.0 = Release|Any CPU
		{CA7F66F7-4926-4648-B9E3-C84392721FDC}.Debug|Any CPU.ActiveCfg = Debug|Any CPU
		{CA7F66F7-4926-4648-B9E3-C84392721FDC}.Debug|Any CPU.Build.0 = Debug|Any CPU
		{CA7F66F7-4926-4648-B9E3-C84392721FDC}.Release|Any CPU.ActiveCfg = Release|Any CPU
		{CA7F66F7-4926-4648-B9E3-C84392721FDC}.Release|Any CPU.Build.0 = Release|Any CPU
		{4E7BEC1B-9315-42E3-92C8-E9FC8E57F96C}.Debug|Any CPU.ActiveCfg = Debug|Any CPU
		{4E7BEC1B-9315-42E3-92C8-E9FC8E57F96C}.Debug|Any CPU.Build.0 = Debug|Any CPU
		{4E7BEC1B-9315-42E3-92C8-E9FC8E57F96C}.Release|Any CPU.ActiveCfg = Release|Any CPU
		{4E7BEC1B-9315-42E3-92C8-E9FC8E57F96C}.Release|Any CPU.Build.0 = Release|Any CPU
		{7CD649D2-958A-487B-8A80-5363634AF79B}.Debug|Any CPU.ActiveCfg = Debug|Any CPU
		{7CD649D2-958A-487B-8A80-5363634AF79B}.Debug|Any CPU.Build.0 = Debug|Any CPU
		{7CD649D2-958A-487B-8A80-5363634AF79B}.Release|Any CPU.ActiveCfg = Release|Any CPU
		{7CD649D2-958A-487B-8A80-5363634AF79B}.Release|Any CPU.Build.0 = Release|Any CPU
		{7E15D908-2ADD-43CD-8429-952244F0A3AA}.Debug|Any CPU.ActiveCfg = Debug|Any CPU
		{7E15D908-2ADD-43CD-8429-952244F0A3AA}.Debug|Any CPU.Build.0 = Debug|Any CPU
		{7E15D908-2ADD-43CD-8429-952244F0A3AA}.Release|Any CPU.ActiveCfg = Release|Any CPU
		{7E15D908-2ADD-43CD-8429-952244F0A3AA}.Release|Any CPU.Build.0 = Release|Any CPU
		{3BAAC052-AF2C-46D9-90FB-713D535387A4}.Debug|Any CPU.ActiveCfg = Debug|Any CPU
		{3BAAC052-AF2C-46D9-90FB-713D535387A4}.Debug|Any CPU.Build.0 = Debug|Any CPU
		{3BAAC052-AF2C-46D9-90FB-713D535387A4}.Release|Any CPU.ActiveCfg = Release|Any CPU
		{3BAAC052-AF2C-46D9-90FB-713D535387A4}.Release|Any CPU.Build.0 = Release|Any CPU
		{C0838ABB-2961-4C15-B798-61C44A36890B}.Debug|Any CPU.ActiveCfg = Debug|Any CPU
		{C0838ABB-2961-4C15-B798-61C44A36890B}.Debug|Any CPU.Build.0 = Debug|Any CPU
		{C0838ABB-2961-4C15-B798-61C44A36890B}.Release|Any CPU.ActiveCfg = Release|Any CPU
		{C0838ABB-2961-4C15-B798-61C44A36890B}.Release|Any CPU.Build.0 = Release|Any CPU
		{B28CA591-A3CD-45E0-B9E3-17FCE5DFC443}.Debug|Any CPU.ActiveCfg = Debug|Any CPU
		{B28CA591-A3CD-45E0-B9E3-17FCE5DFC443}.Debug|Any CPU.Build.0 = Debug|Any CPU
		{B28CA591-A3CD-45E0-B9E3-17FCE5DFC443}.Release|Any CPU.ActiveCfg = Release|Any CPU
		{B28CA591-A3CD-45E0-B9E3-17FCE5DFC443}.Release|Any CPU.Build.0 = Release|Any CPU
		{69EEDE17-879F-4B70-AA68-C44B4DC884ED}.Debug|Any CPU.ActiveCfg = Debug|Any CPU
		{69EEDE17-879F-4B70-AA68-C44B4DC884ED}.Debug|Any CPU.Build.0 = Debug|Any CPU
		{69EEDE17-879F-4B70-AA68-C44B4DC884ED}.Release|Any CPU.ActiveCfg = Release|Any CPU
		{69EEDE17-879F-4B70-AA68-C44B4DC884ED}.Release|Any CPU.Build.0 = Release|Any CPU
	EndGlobalSection
	GlobalSection(SolutionProperties) = preSolution
		HideSolutionNode = FALSE
	EndGlobalSection
	GlobalSection(NestedProjects) = preSolution
		{31B54264-313E-4B41-A8CD-290430C92851} = {A40A5EDE-CC33-46E2-B758-5868B2541066}
		{6524A2D2-F1A7-4577-B49A-D5D0FCA03B1D} = {A40A5EDE-CC33-46E2-B758-5868B2541066}
		{CA7F66F7-4926-4648-B9E3-C84392721FDC} = {867234D0-3573-4AAF-98E6-77C8D82C965D}
		{4E7BEC1B-9315-42E3-92C8-E9FC8E57F96C} = {867234D0-3573-4AAF-98E6-77C8D82C965D}
		{7CD649D2-958A-487B-8A80-5363634AF79B} = {867234D0-3573-4AAF-98E6-77C8D82C965D}
		{7E15D908-2ADD-43CD-8429-952244F0A3AA} = {867234D0-3573-4AAF-98E6-77C8D82C965D}
		{3BAAC052-AF2C-46D9-90FB-713D535387A4} = {867234D0-3573-4AAF-98E6-77C8D82C965D}
		{C0838ABB-2961-4C15-B798-61C44A36890B} = {867234D0-3573-4AAF-98E6-77C8D82C965D}
		{B28CA591-A3CD-45E0-B9E3-17FCE5DFC443} = {867234D0-3573-4AAF-98E6-77C8D82C965D}
		{69EEDE17-879F-4B70-AA68-C44B4DC884ED} = {93F4D78C-ECB4-482F-ADB4-511B06A38ABF}
	EndGlobalSection
	GlobalSection(ExtensibilityGlobals) = postSolution
		SolutionGuid = {CEAC8168-AC27-4182-9751-D9BBFE11038A}
	EndGlobalSection
EndGlobal
